
Microsoft Visual Studio Solution File, Format Version 12.00
# Visual Studio Version 17
VisualStudioVersion = 17.2.32630.192
MinimumVisualStudioVersion = 10.0.40219.1
Project("{2150E333-8FDC-42A3-9474-1A3956D46DE8}") = "src", "src", "{01322366-C179-4A91-80C6-9B513C12FA9D}"
EndProject
Project("{2150E333-8FDC-42A3-9474-1A3956D46DE8}") = "Api", "Api", "{3B9B1FE6-9660-4422-B56A-6A16C287E47D}"
EndProject
Project("{FAE04EC0-301F-11D3-BF4B-00C04F79EFBC}") = "Manage.Api", "src\Api\Manage.Api\Manage.Api.csproj", "{33AD68F0-3119-4246-B8AE-67DD3F86D6FB}"
EndProject
Project("{2150E333-8FDC-42A3-9474-1A3956D46DE8}") = "Application", "Application", "{4805F798-2C4B-4185-BCD8-62D77A52231D}"
EndProject
Project("{FAE04EC0-301F-11D3-BF4B-00C04F79EFBC}") = "Manage.Application", "src\Application\Manage.Application\Manage.Application.csproj", "{7C8BB201-DF3D-46FE-A31F-4B6C60827986}"
EndProject
Project("{2150E333-8FDC-42A3-9474-1A3956D46DE8}") = "Core", "Core", "{F7EB3C3E-05D1-45C6-A75D-FD1E13D3A027}"
EndProject
Project("{FAE04EC0-301F-11D3-BF4B-00C04F79EFBC}") = "Manage.Core", "src\Core\Manage.Core\Manage.Core.csproj", "{B7BA37AE-4009-4F5E-977B-F542A72C3A0D}"
EndProject
Project("{2150E333-8FDC-42A3-9474-1A3956D46DE8}") = "Infra", "Infra", "{A5CA8F98-D1F6-49AE-BA83-B4A8FBC7D191}"
EndProject
Project("{FAE04EC0-301F-11D3-BF4B-00C04F79EFBC}") = "Manage.Infra", "src\Infra\Manage.Infra\Manage.Infra.csproj", "{CCA74588-B794-4E82-BCBA-EB5C507784C4}"
EndProject
Project("{FAE04EC0-301F-11D3-BF4B-00C04F79EFBC}") = "Manage.IOC", "src\Infra\Manage.IOC\Manage.IOC.csproj", "{CE89394E-DCFF-4C27-882F-903289C66A46}"
EndProject
Global
	GlobalSection(SolutionConfigurationPlatforms) = preSolution
		Debug|Any CPU = Debug|Any CPU
		Release|Any CPU = Release|Any CPU
	EndGlobalSection
	GlobalSection(ProjectConfigurationPlatforms) = postSolution
		{33AD68F0-3119-4246-B8AE-67DD3F86D6FB}.Debug|Any CPU.ActiveCfg = Debug|Any CPU
		{33AD68F0-3119-4246-B8AE-67DD3F86D6FB}.Debug|Any CPU.Build.0 = Debug|Any CPU
		{33AD68F0-3119-4246-B8AE-67DD3F86D6FB}.Release|Any CPU.ActiveCfg = Release|Any CPU
		{33AD68F0-3119-4246-B8AE-67DD3F86D6FB}.Release|Any CPU.Build.0 = Release|Any CPU
		{7C8BB201-DF3D-46FE-A31F-4B6C60827986}.Debug|Any CPU.ActiveCfg = Debug|Any CPU
		{7C8BB201-DF3D-46FE-A31F-4B6C60827986}.Debug|Any CPU.Build.0 = Debug|Any CPU
		{7C8BB201-DF3D-46FE-A31F-4B6C60827986}.Release|Any CPU.ActiveCfg = Release|Any CPU
		{7C8BB201-DF3D-46FE-A31F-4B6C60827986}.Release|Any CPU.Build.0 = Release|Any CPU
		{B7BA37AE-4009-4F5E-977B-F542A72C3A0D}.Debug|Any CPU.ActiveCfg = Debug|Any CPU
		{B7BA37AE-4009-4F5E-977B-F542A72C3A0D}.Debug|Any CPU.Build.0 = Debug|Any CPU
		{B7BA37AE-4009-4F5E-977B-F542A72C3A0D}.Release|Any CPU.ActiveCfg = Release|Any CPU
		{B7BA37AE-4009-4F5E-977B-F542A72C3A0D}.Release|Any CPU.Build.0 = Release|Any CPU
		{CCA74588-B794-4E82-BCBA-EB5C507784C4}.Debug|Any CPU.ActiveCfg = Debug|Any CPU
		{CCA74588-B794-4E82-BCBA-EB5C507784C4}.Debug|Any CPU.Build.0 = Debug|Any CPU
		{CCA74588-B794-4E82-BCBA-EB5C507784C4}.Release|Any CPU.ActiveCfg = Release|Any CPU
		{CCA74588-B794-4E82-BCBA-EB5C507784C4}.Release|Any CPU.Build.0 = Release|Any CPU
		{CE89394E-DCFF-4C27-882F-903289C66A46}.Debug|Any CPU.ActiveCfg = Debug|Any CPU
		{CE89394E-DCFF-4C27-882F-903289C66A46}.Debug|Any CPU.Build.0 = Debug|Any CPU
		{CE89394E-DCFF-4C27-882F-903289C66A46}.Release|Any CPU.ActiveCfg = Release|Any CPU
		{CE89394E-DCFF-4C27-882F-903289C66A46}.Release|Any CPU.Build.0 = Release|Any CPU
	EndGlobalSection
	GlobalSection(SolutionProperties) = preSolution
		HideSolutionNode = FALSE
	EndGlobalSection
	GlobalSection(NestedProjects) = preSolution
		{3B9B1FE6-9660-4422-B56A-6A16C287E47D} = {01322366-C179-4A91-80C6-9B513C12FA9D}
		{33AD68F0-3119-4246-B8AE-67DD3F86D6FB} = {3B9B1FE6-9660-4422-B56A-6A16C287E47D}
		{4805F798-2C4B-4185-BCD8-62D77A52231D} = {01322366-C179-4A91-80C6-9B513C12FA9D}
		{7C8BB201-DF3D-46FE-A31F-4B6C60827986} = {4805F798-2C4B-4185-BCD8-62D77A52231D}
		{F7EB3C3E-05D1-45C6-A75D-FD1E13D3A027} = {01322366-C179-4A91-80C6-9B513C12FA9D}
		{B7BA37AE-4009-4F5E-977B-F542A72C3A0D} = {F7EB3C3E-05D1-45C6-A75D-FD1E13D3A027}
		{A5CA8F98-D1F6-49AE-BA83-B4A8FBC7D191} = {01322366-C179-4A91-80C6-9B513C12FA9D}
		{CCA74588-B794-4E82-BCBA-EB5C507784C4} = {A5CA8F98-D1F6-49AE-BA83-B4A8FBC7D191}
		{CE89394E-DCFF-4C27-882F-903289C66A46} = {A5CA8F98-D1F6-49AE-BA83-B4A8FBC7D191}
	EndGlobalSection
	GlobalSection(ExtensibilityGlobals) = postSolution
		SolutionGuid = {4709E1DC-97ED-475B-9A38-CD93181A642D}
	EndGlobalSection
EndGlobal
