
Microsoft Visual Studio Solution File, Format Version 12.00
# Visual Studio Version 17
VisualStudioVersion = 17.2.32630.192
MinimumVisualStudioVersion = 10.0.40219.1
Project("{FAE04EC0-301F-11D3-BF4B-00C04F79EFBC}") = "Manage.Api", "Manage.Api\Manage.Api.csproj", "{C0591FBA-2654-4627-B75F-F8F37468649A}"
EndProject
Global
	GlobalSection(SolutionConfigurationPlatforms) = preSolution
		Debug|Any CPU = Debug|Any CPU
		Release|Any CPU = Release|Any CPU
	EndGlobalSection
	GlobalSection(ProjectConfigurationPlatforms) = postSolution
		{C0591FBA-2654-4627-B75F-F8F37468649A}.Debug|Any CPU.ActiveCfg = Debug|Any CPU
		{C0591FBA-2654-4627-B75F-F8F37468649A}.Debug|Any CPU.Build.0 = Debug|Any CPU
		{C0591FBA-2654-4627-B75F-F8F37468649A}.Release|Any CPU.ActiveCfg = Release|Any CPU
		{C0591FBA-2654-4627-B75F-F8F37468649A}.Release|Any CPU.Build.0 = Release|Any CPU
	EndGlobalSection
	GlobalSection(SolutionProperties) = preSolution
		HideSolutionNode = FALSE
	EndGlobalSection
	GlobalSection(ExtensibilityGlobals) = postSolution
		SolutionGuid = {4709E1DC-97ED-475B-9A38-CD93181A642D}
	EndGlobalSection
EndGlobal
